<?xml version="1.0" encoding="utf-8"?>
<Project ToolsVersion="4.0" xmlns="http://schemas.microsoft.com/developer/msbuild/2003">
  <ItemGroup>
    <Filter Include="Source Files">
      <UniqueIdentifier>{4FC737F1-C7A5-4376-A066-2A32D752A2FF}</UniqueIdentifier>
      <Extensions>cpp;c;cxx</Extensions>
    </Filter>
    <Filter Include="Source Files\ScrollBar">
      <UniqueIdentifier>{A1B2C3D4-E5F6-7890-ABCD-EF1234567890}</UniqueIdentifier>
    </Filter>
    <Filter Include="Source Files\Theme">
      <UniqueIdentifier>{B2C3D4E5-F6A7-8901-BCDE-F01234567891}</UniqueIdentifier>
    </Filter>
    <Filter Include="Source Files\Subclass">
      <UniqueIdentifier>{C3D4E5F6-A7B8-9012-CDEF-012345678912}</UniqueIdentifier>
    </Filter>
    <Filter Include="Source Files\Iat">
      <UniqueIdentifier>{D4E5F6A7-B8C9-0123-DEF0-123456789123}</UniqueIdentifier>
    </Filter>
    <Filter Include="Source Files\Plugin">
      <UniqueIdentifier>{E5F6A7B8-C9D0-1234-EF01-234567891234}</UniqueIdentifier>
    </Filter>
    <Filter Include="Header Files">
      <UniqueIdentifier>{93995380-89BD-4b04-88EB-625FBE52EBFB}</UniqueIdentifier>
      <Extensions>h;hh;hpp;hxx</Extensions>
    </Filter>
    <Filter Include="Header Files\ScrollBar">
      <UniqueIdentifier>{F6A7B8C9-D0E1-2345-F012-345678912345}</UniqueIdentifier>
    </Filter>
    <Filter Include="Header Files\Theme">
      <UniqueIdentifier>{A7B8C9D0-E1F2-3456-0123-456789123456}</UniqueIdentifier>
    </Filter>
    <Filter Include="Header Files\Subclass">
      <UniqueIdentifier>{B8C9D0E1-F2A3-4567-1234-567891234567}</UniqueIdentifier>
    </Filter>
    <Filter Include="Header Files\Iat">
      <UniqueIdentifier>{C9D0E1F2-A3B4-5678-2345-678912345678}</UniqueIdentifier>
    </Filter>
    <Filter Include="Header Files\Plugin">
      <UniqueIdentifier>{D0E1F2A3-B4C5-6789-3456-789123456789}</UniqueIdentifier>
    </Filter>
  </ItemGroup>
  <ItemGroup>
    <ClCompile Include="Src\dllmain.cpp">
      <Filter>Source Files\Plugin</Filter>
    </ClCompile>
    <ClCompile Include="Src\ScrollBar\ScrollBarPaint.cpp">
      <Filter>Source Files\ScrollBar</Filter>
    </ClCompile>
    <ClCompile Include="Src\Theme\RichEditTheme.cpp">
      <Filter>Source Files\Theme</Filter>
    </ClCompile>
    <ClCompile Include="Src\Theme\DarkCheckboxImageList.cpp">
      <Filter>Source Files\Theme</Filter>
    </ClCompile>
    <ClCompile Include="Src\Theme\TreeViewCustomDraw.cpp">
      <Filter>Source Files\Theme</Filter>
    </ClCompile>
    <ClCompile Include="Src\Subclass\ButtonSubclass.cpp">
      <Filter>Source Files\Subclass</Filter>
    </ClCompile>
    <ClCompile Include="Src\Subclass\CheckBoxSubclass.cpp">
      <Filter>Source Files\Subclass</Filter>
    </ClCompile>
    <ClCompile Include="Src\Subclass\ComboBoxSubclass.cpp">
      <Filter>Source Files\Subclass</Filter>
    </ClCompile>
    <ClCompile Include="Src\Subclass\EditSubclass.cpp">
      <Filter>Source Files\Subclass</Filter>
    </ClCompile>
    <ClCompile Include="Src\Subclass\HeaderSubclass.cpp">
      <Filter>Source Files\Subclass</Filter>
    </ClCompile>
    <ClCompile Include="Src\Subclass\ListViewGridSubclass.cpp">
      <Filter>Source Files\Subclass</Filter>
    </ClCompile>
    <ClCompile Include="Src\Subclass\ScrollBarPaintSubclass.cpp">
      <Filter>Source Files\Subclass</Filter>
    </ClCompile>
    <ClCompile Include="Src\Subclass\DeferredRestyleSubclass.cpp">
      <Filter>Source Files\Subclass</Filter>
    </ClCompile>
    <ClCompile Include="Src\Iat\IatPatch.cpp">
      <Filter>Source Files\Iat</Filter>
    </ClCompile>
    <ClCompile Include="Src\Plugin\StyleDispatcher.cpp">
      <Filter>Source Files\Plugin</Filter>
    </ClCompile>
  </ItemGroup>
  <ItemGroup>
    <ClInclude Include="Include\Plugin\WineCompatMessages.h">
      <Filter>Header Files\Plugin</Filter>
    </ClInclude>
    <ClInclude Include="Include\Plugin\StyleDispatcher.h">
      <Filter>Header Files\Plugin</Filter>
    </ClInclude>
    <ClInclude Include="Include\ScrollBar\ScrollBarPaint.h">
      <Filter>Header Files\ScrollBar</Filter>
    </ClInclude>
    <ClInclude Include="Include\Theme\RichEditTheme.h">
      <Filter>Header Files\Theme</Filter>
    </ClInclude>
    <ClInclude Include="Include\Theme\DarkCheckboxImageList.h">
      <Filter>Header Files\Theme</Filter>
    </ClInclude>
    <ClInclude Include="Include\Theme\TreeViewCustomDraw.h">
      <Filter>Header Files\Theme</Filter>
    </ClInclude>
    <ClInclude Include="Include\Subclass\ButtonSubclass.h">
      <Filter>Header Files\Subclass</Filter>
    </ClInclude>
    <ClInclude Include="Include\Subclass\CheckBoxSubclass.h">
      <Filter>Header Files\Subclass</Filter>
    </ClInclude>
    <ClInclude Include="Include\Subclass\ComboBoxSubclass.h">
      <Filter>Header Files\Subclass</Filter>
    </ClInclude>
    <ClInclude Include="Include\Subclass\EditSubclass.h">
      <Filter>Header Files\Subclass</Filter>
    </ClInclude>
    <ClInclude Include="Include\Subclass\HeaderSubclass.h">
      <Filter>Header Files\Subclass</Filter>
    </ClInclude>
    <ClInclude Include="Include\Subclass\ListViewGridSubclass.h">
      <Filter>Header Files\Subclass</Filter>
    </ClInclude>
    <ClInclude Include="Include\Subclass\ScrollBarPaintSubclass.h">
      <Filter>Header Files\Subclass</Filter>
    </ClInclude>
    <ClInclude Include="Include\Subclass\DeferredRestyleSubclass.h">
      <Filter>Header Files\Subclass</Filter>
    </ClInclude>
    <ClInclude Include="Include\Iat\IatPatch.h">
      <Filter>Header Files\Iat</Filter>
    </ClInclude>
  </ItemGroup>
</Project>
